{
  "nodes": {
    "nixpkgs": {
      "locked": {
        "lastModified": 1790822859,
        "narHash": "sha256-69xHQhAeMAD2wDXO7T2pcOZIF9Sga2W+JkmY2a11Ops=",
        "owner": "NixOS",
        "repo": "nixpkgs",
        "rev": "c59305bab2065cfecc4944690d9eedbb56f3a9fa",
        "type": "github"
      },
      "original": {
        "owner": "NixOS",
        "ref": "nixos-unstable",
        "repo": "nixpkgs",
        "type": "github"
      }
    },
    "pegboard": {
      "flake": false,
      "locked": {
        "lastModified": 1755075370,
        "narHash": "sha256-xCIjLSnd20Mpa6yqwDjwdSjKMmSE3pdaatb1ZxPHlV8=",
        "owner": "carpentries",
        "repo": "pegboard",
        "rev": "7dc6acfdd6233c0d124a0ecf288325edc40dd96d",
        "type": "github"
      },
      "original": {
        "owner": "carpentries",
        "repo": "pegboard",
        "type": "github"
      }
    },
    "root": {
      "inputs": {
        "nixpkgs": "nixpkgs",
        "pegboard": "pegboard",
        "sandpaper": "sandpaper",
        "varnish": "varnish"
      }
    },
    "sandpaper": {
      "flake": false,
      "locked": {
        "lastModified": 1790765702,
        "narHash": "sha256-Gc+mzRTKq7+GAmPD0u37WqxZiq9TESa7AsizTJ3Crb0=",
        "owner": "carpentries",
        "repo": "sandpaper",
        "rev": "99aff4cdc6ae8bd8b8401e334840b10f381c7c01",
        "type": "github"
      },
      "original": {
        "owner": "carpentries",
        "repo": "sandpaper",
        "type": "github"
      }
    },
    "varnish": {
      "flake": false,
      "locked": {
        "lastModified": 1790765704,
        "narHash": "sha256-orDlD9Tqa2IJ4zCZH39zR7YgnWEX8YAtbNAHbr88Wew=",
        "owner": "carpentries",
        "repo": "varnish",
        "rev": "af711b03a997e9f92c7ad07bc05163092b2b3ad4",
        "type": "github"
      },
      "original": {
        "owner": "carpentries",
        "repo": "varnish",
        "type": "github"
      }
    }
  },
  "root": "root",
  "version": 7
}
